PODS:
  - Cosmos (23.0.0)
  - DropDown (2.3.13)
  - IQKeyboardManagerSwift (6.5.6)
  - NVActivityIndicatorView (5.1.1):
    - NVActivityIndicatorView/Base (= 5.1.1)
  - NVActivityIndicatorView/Base (5.1.1)
  - SDWebImage (5.11.1):
    - SDWebImage/Core (= 5.11.1)
  - SDWebImage/Core (5.11.1)
  - SwiftyContextMenu (0.1.5)

DEPENDENCIES:
  - Cosmos (~> 23.0)
  - DropDown
  - IQKeyboardManagerSwift
  - NVActivityIndicatorView
  - SDWebImage
  - SwiftyContextMenu

SPEC REPOS:
  trunk:
    - Cosmos
    - DropDown
    - IQKeyboardManagerSwift
    - NVActivityIndicatorView
    - SDWebImage
    - SwiftyContextMenu

SPEC CHECKSUMS:
  Cosmos: b5c6a9a637e28a061b54c8f8b1d8529d7d4db73f
  DropDown: 8a2116376c1981888557f72ec2ffc9a5e0e456ec
  IQKeyboardManagerSwift: c7df9d2deb356c04522f5c4b7b6e4ce4d8ed94fe
  NVActivityIndicatorView: 1f6c5687f1171810aa27a3296814dc2d7dec3667
  SDWebImage: a7f831e1a65eb5e285e3fb046a23fcfbf08e696d
  SwiftyContextMenu: 3cd07fded2bea2e73a98a5b734375dce278d4399

PODFILE CHECKSUM: c51cb49b6e101ee8f9d5924b9a9482e0252721a3

COCOAPODS: 1.10.1
